
Microsoft Visual Studio Solution File, Format Version 12.00
# Visual Studio 14
VisualStudioVersion = 14.0.25420.1
MinimumVisualStudioVersion = 10.0.40219.1
Project("{8BB2217D-0F2D-49D1-97BC-3654ED321F3B}") = "TestTemplateApi1", "TestTemplateApi1\TestTemplateApi1.xproj", "{E94CAD7F-F585-434E-9AC5-85517214560D}"
EndProject
Global
	GlobalSection(SolutionConfigurationPlatforms) = preSolution
		Debug|Any CPU = Debug|Any CPU
		Release|Any CPU = Release|Any CPU
	EndGlobalSection
	GlobalSection(ProjectConfigurationPlatforms) = postSolution
		{E94CAD7F-F585-434E-9AC5-85517214560D}.Debug|Any CPU.ActiveCfg = Debug|Any CPU
		{E94CAD7F-F585-434E-9AC5-85517214560D}.Debug|Any CPU.Build.0 = Debug|Any CPU
		{E94CAD7F-F585-434E-9AC5-85517214560D}.Release|Any CPU.ActiveCfg = Release|Any CPU
		{E94CAD7F-F585-434E-9AC5-85517214560D}.Release|Any CPU.Build.0 = Release|Any CPU
	EndGlobalSection
	GlobalSection(SolutionProperties) = preSolution
		HideSolutionNode = FALSE
	EndGlobalSection
EndGlobal
